// !$*UTF8*$!
{
	archiveVersion = 1;
	classes = {
	};
	objectVersion = 46;
	objects = {

/* Begin PBXBuildFile section */
		BC430E3E15C072AB006978B4 /* Cocoa.framework in Frameworks */ = {isa = PBXBuildFile; fileRef = BC430E3D15C072AB006978B4 /* Cocoa.framework */; };
		BC430E4815C072AB006978B4 /* InfoPlist.strings in Resources */ = {isa = PBXBuildFile; fileRef = BC430E4615C072AB006978B4 /* InfoPlist.strings */; };
		BC430E4A15C072AC006978B4 /* main.m in Sources */ = {isa = PBXBuildFile; fileRef = BC430E4915C072AC006978B4 /* main.m */; };
		BC430E4E15C072AC006978B4 /* Credits.rtf in Resources */ = {isa = PBXBuildFile; fileRef = BC430E4C15C072AC006978B4 /* Credits.rtf */; };
		BC430E5115C072AC006978B4 /* TKCritterDocument.m in Sources */ = {isa = PBXBuildFile; fileRef = BC430E5015C072AC006978B4 /* TKCritterDocument.m */; };
		BC430E5415C072AC006978B4 /* TKCritterDocumentWindow.xib in Resources */ = {isa = PBXBuildFile; fileRef = BC430E5215C072AC006978B4 /* TKCritterDocumentWindow.xib */; };
		BC430E5715C072AC006978B4 /* MainMenu.xib in Resources */ = {isa = PBXBuildFile; fileRef = BC430E5515C072AC006978B4 /* MainMenu.xib */; };
		BC430E6015C07304006978B4 /* TKCritter.m in Sources */ = {isa = PBXBuildFile; fileRef = BC430E5F15C07304006978B4 /* TKCritter.m */; };
		BC430E6415C083B5006978B4 /* TKWorld.m in Sources */ = {isa = PBXBuildFile; fileRef = BC430E6315C083B5006978B4 /* TKWorld.m */; };
		BC430E6715C09A34006978B4 /* TKGridSquare.m in Sources */ = {isa = PBXBuildFile; fileRef = BC430E6615C09A34006978B4 /* TKGridSquare.m */; };
		BC4CE78715C1E5B5006CA29D /* TKCritterWindowController.m in Sources */ = {isa = PBXBuildFile; fileRef = BC4CE78515C1E5B5006CA29D /* TKCritterWindowController.m */; };
		BC4CE78C15C1F022006CA29D /* TKTopDownWorldView.m in Sources */ = {isa = PBXBuildFile; fileRef = BC4CE78A15C1F022006CA29D /* TKTopDownWorldView.m */; };
		BC9348A615C32C0C009C9CD6 /* TKGrid.m in Sources */ = {isa = PBXBuildFile; fileRef = BC9348A515C32C0C009C9CD6 /* TKGrid.m */; };
/* End PBXBuildFile section */

/* Begin PBXFileReference section */
		BC430E3915C072AB006978B4 /* Critters.app */ = {isa = PBXFileReference; explicitFileType = wrapper.application; includeInIndex = 0; path = Critters.app; sourceTree = BUILT_PRODUCTS_DIR; };
		BC430E3D15C072AB006978B4 /* Cocoa.framework */ = {isa = PBXFileReference; lastKnownFileType = wrapper.framework; name = Cocoa.framework; path = System/Library/Frameworks/Cocoa.framework; sourceTree = SDKROOT; };
		BC430E4015C072AB006978B4 /* AppKit.framework */ = {isa = PBXFileReference; lastKnownFileType = wrapper.framework; name = AppKit.framework; path = System/Library/Frameworks/AppKit.framework; sourceTree = SDKROOT; };
		BC430E4115C072AB006978B4 /* CoreData.framework */ = {isa = PBXFileReference; lastKnownFileType = wrapper.framework; name = CoreData.framework; path = System/Library/Frameworks/CoreData.framework; sourceTree = SDKROOT; };
		BC430E4215C072AB006978B4 /* Foundation.framework */ = {isa = PBXFileReference; lastKnownFileType = wrapper.framework; name = Foundation.framework; path = System/Library/Frameworks/Foundation.framework; sourceTree = SDKROOT; };
		BC430E4515C072AB006978B4 /* Critters-Info.plist */ = {isa = PBXFileReference; lastKnownFileType = text.plist.xml; path = "Critters-Info.plist"; sourceTree = "<group>"; };
		BC430E4715C072AB006978B4 /* en */ = {isa = PBXFileReference; lastKnownFileType = text.plist.strings; name = en; path = en.lproj/InfoPlist.strings; sourceTree = "<group>"; };
		BC430E4915C072AC006978B4 /* main.m */ = {isa = PBXFileReference; lastKnownFileType = sourcecode.c.objc; path = main.m; sourceTree = "<group>"; };
		BC430E4B15C072AC006978B4 /* Critters-Prefix.pch */ = {isa = PBXFileReference; lastKnownFileType = sourcecode.c.h; path = "Critters-Prefix.pch"; sourceTree = "<group>"; };
		BC430E4D15C072AC006978B4 /* en */ = {isa = PBXFileReference; lastKnownFileType = text.rtf; name = en; path = en.lproj/Credits.rtf; sourceTree = "<group>"; };
		BC430E4F15C072AC006978B4 /* TKCritterDocument.h */ = {isa = PBXFileReference; lastKnownFileType = sourcecode.objj.h; path = TKCritterDocument.h; sourceTree = "<group>"; };
		BC430E5015C072AC006978B4 /* TKCritterDocument.m */ = {isa = PBXFileReference; lastKnownFileType = sourcecode.c.objc; path = TKCritterDocument.m; sourceTree = "<group>"; };
		BC430E5315C072AC006978B4 /* en */ = {isa = PBXFileReference; lastKnownFileType = file.xib; name = en; path = en.lproj/TKCritterDocumentWindow.xib; sourceTree = "<group>"; };
		BC430E5615C072AC006978B4 /* en */ = {isa = PBXFileReference; lastKnownFileType = file.xib; name = en; path = en.lproj/MainMenu.xib; sourceTree = "<group>"; };
		BC430E5E15C07304006978B4 /* TKCritter.h */ = {isa = PBXFileReference; fileEncoding = 4; lastKnownFileType = sourcecode.c.h; path = TKCritter.h; sourceTree = "<group>"; };
		BC430E5F15C07304006978B4 /* TKCritter.m */ = {isa = PBXFileReference; fileEncoding = 4; lastKnownFileType = sourcecode.c.objc; path = TKCritter.m; sourceTree = "<group>"; };
		BC430E6115C074C6006978B4 /* constants.h */ = {isa = PBXFileReference; lastKnownFileType = sourcecode.c.h; path = constants.h; sourceTree = "<group>"; };
		BC430E6215C083B5006978B4 /* TKWorld.h */ = {isa = PBXFileReference; fileEncoding = 4; lastKnownFileType = sourcecode.c.h; path = TKWorld.h; sourceTree = "<group>"; };
		BC430E6315C083B5006978B4 /* TKWorld.m */ = {isa = PBXFileReference; fileEncoding = 4; lastKnownFileType = sourcecode.c.objc; path = TKWorld.m; sourceTree = "<group>"; };
		BC430E6515C09A34006978B4 /* TKGridSquare.h */ = {isa = PBXFileReference; fileEncoding = 4; lastKnownFileType = sourcecode.c.h; path = TKGridSquare.h; sourceTree = "<group>"; };
		BC430E6615C09A34006978B4 /* TKGridSquare.m */ = {isa = PBXFileReference; fileEncoding = 4; lastKnownFileType = sourcecode.c.objc; path = TKGridSquare.m; sourceTree = "<group>"; };
		BC4CE78415C1E5B5006CA29D /* TKCritterWindowController.h */ = {isa = PBXFileReference; fileEncoding = 4; lastKnownFileType = sourcecode.objj.h; path = TKCritterWindowController.h; sourceTree = "<group>"; };
		BC4CE78515C1E5B5006CA29D /* TKCritterWindowController.m */ = {isa = PBXFileReference; fileEncoding = 4; lastKnownFileType = sourcecode.c.objc; path = TKCritterWindowController.m; sourceTree = "<group>"; };
		BC4CE78915C1F022006CA29D /* TKTopDownWorldView.h */ = {isa = PBXFileReference; fileEncoding = 4; lastKnownFileType = sourcecode.objj.h; path = TKTopDownWorldView.h; sourceTree = "<group>"; };
		BC4CE78A15C1F022006CA29D /* TKTopDownWorldView.m */ = {isa = PBXFileReference; fileEncoding = 4; lastKnownFileType = sourcecode.c.objc; path = TKTopDownWorldView.m; sourceTree = "<group>"; };
		BC9348A415C32C0C009C9CD6 /* TKGrid.h */ = {isa = PBXFileReference; fileEncoding = 4; lastKnownFileType = sourcecode.c.h; path = TKGrid.h; sourceTree = "<group>"; };
		BC9348A515C32C0C009C9CD6 /* TKGrid.m */ = {isa = PBXFileReference; fileEncoding = 4; lastKnownFileType = sourcecode.c.objc; path = TKGrid.m; sourceTree = "<group>"; };
/* End PBXFileReference section */

/* Begin PBXFrameworksBuildPhase section */
		BC430E3615C072AB006978B4 /* Frameworks */ = {
			isa = PBXFrameworksBuildPhase;
			buildActionMask = 2147483647;
			files = (
				BC430E3E15C072AB006978B4 /* Cocoa.framework in Frameworks */,
			);
			runOnlyForDeploymentPostprocessing = 0;
		};
/* End PBXFrameworksBuildPhase section */

/* Begin PBXGroup section */
		BC430E2E15C072AB006978B4 = {
			isa = PBXGroup;
			children = (
				BC430E4315C072AB006978B4 /* Critters */,
				BC430E3C15C072AB006978B4 /* Frameworks */,
				BC430E3A15C072AB006978B4 /* Products */,
			);
			sourceTree = "<group>";
		};
		BC430E3A15C072AB006978B4 /* Products */ = {
			isa = PBXGroup;
			children = (
				BC430E3915C072AB006978B4 /* Critters.app */,
			);
			name = Products;
			sourceTree = "<group>";
		};
		BC430E3C15C072AB006978B4 /* Frameworks */ = {
			isa = PBXGroup;
			children = (
				BC430E3D15C072AB006978B4 /* Cocoa.framework */,
				BC430E3F15C072AB006978B4 /* Other Frameworks */,
			);
			name = Frameworks;
			sourceTree = "<group>";
		};
		BC430E3F15C072AB006978B4 /* Other Frameworks */ = {
			isa = PBXGroup;
			children = (
				BC430E4015C072AB006978B4 /* AppKit.framework */,
				BC430E4115C072AB006978B4 /* CoreData.framework */,
				BC430E4215C072AB006978B4 /* Foundation.framework */,
			);
			name = "Other Frameworks";
			sourceTree = "<group>";
		};
		BC430E4315C072AB006978B4 /* Critters */ = {
			isa = PBXGroup;
			children = (
				BC4CE78815C1E822006CA29D /* Controllers */,
				BC4CE78315C1E58E006CA29D /* UI */,
				BC430E5D15C072E6006978B4 /* Model */,
				BC430E4415C072AB006978B4 /* Supporting Files */,
			);
			path = Critters;
			sourceTree = "<group>";
		};
		BC430E4415C072AB006978B4 /* Supporting Files */ = {
			isa = PBXGroup;
			children = (
				BC430E4515C072AB006978B4 /* Critters-Info.plist */,
				BC430E4615C072AB006978B4 /* InfoPlist.strings */,
				BC430E4915C072AC006978B4 /* main.m */,
				BC430E4B15C072AC006978B4 /* Critters-Prefix.pch */,
				BC430E4C15C072AC006978B4 /* Credits.rtf */,
			);
			name = "Supporting Files";
			sourceTree = "<group>";
		};
		BC430E5D15C072E6006978B4 /* Model */ = {
			isa = PBXGroup;
			children = (
				BC9348A415C32C0C009C9CD6 /* TKGrid.h */,
				BC9348A515C32C0C009C9CD6 /* TKGrid.m */,
				BC430E6115C074C6006978B4 /* constants.h */,
				BC430E5E15C07304006978B4 /* TKCritter.h */,
				BC430E5F15C07304006978B4 /* TKCritter.m */,
				BC430E6215C083B5006978B4 /* TKWorld.h */,
				BC430E6315C083B5006978B4 /* TKWorld.m */,
				BC430E6515C09A34006978B4 /* TKGridSquare.h */,
				BC430E6615C09A34006978B4 /* TKGridSquare.m */,
			);
			name = Model;
			sourceTree = "<group>";
		};
		BC4CE78315C1E58E006CA29D /* UI */ = {
			isa = PBXGroup;
			children = (
				BC430E5215C072AC006978B4 /* TKCritterDocumentWindow.xib */,
				BC430E5515C072AC006978B4 /* MainMenu.xib */,
				BC4CE78415C1E5B5006CA29D /* TKCritterWindowController.h */,
				BC4CE78515C1E5B5006CA29D /* TKCritterWindowController.m */,
				BC4CE78915C1F022006CA29D /* TKTopDownWorldView.h */,
				BC4CE78A15C1F022006CA29D /* TKTopDownWorldView.m */,
			);
			name = UI;
			sourceTree = "<group>";
		};
		BC4CE78815C1E822006CA29D /* Controllers */ = {
			isa = PBXGroup;
			children = (
				BC430E4F15C072AC006978B4 /* TKCritterDocument.h */,
				BC430E5015C072AC006978B4 /* TKCritterDocument.m */,
			);
			name = Controllers;
			sourceTree = "<group>";
		};
/* End PBXGroup section */

/* Begin PBXNativeTarget section */
		BC430E3815C072AB006978B4 /* Critters */ = {
			isa = PBXNativeTarget;
			buildConfigurationList = BC430E5A15C072AC006978B4 /* Build configuration list for PBXNativeTarget "Critters" */;
			buildPhases = (
				BC430E3515C072AB006978B4 /* Sources */,
				BC430E3615C072AB006978B4 /* Frameworks */,
				BC430E3715C072AB006978B4 /* Resources */,
			);
			buildRules = (
			);
			dependencies = (
			);
			name = Critters;
			productName = Critters;
			productReference = BC430E3915C072AB006978B4 /* Critters.app */;
			productType = "com.apple.product-type.application";
		};
/* End PBXNativeTarget section */

/* Begin PBXProject section */
		BC430E3015C072AB006978B4 /* Project object */ = {
			isa = PBXProject;
			attributes = {
				CLASSPREFIX = TK;
				LastUpgradeCheck = 0440;
			};
			buildConfigurationList = BC430E3315C072AB006978B4 /* Build configuration list for PBXProject "Critters" */;
			compatibilityVersion = "Xcode 3.2";
			developmentRegion = English;
			hasScannedForEncodings = 0;
			knownRegions = (
				en,
			);
			mainGroup = BC430E2E15C072AB006978B4;
			productRefGroup = BC430E3A15C072AB006978B4 /* Products */;
			projectDirPath = "";
			projectRoot = "";
			targets = (
				BC430E3815C072AB006978B4 /* Critters */,
			);
		};
/* End PBXProject section */

/* Begin PBXResourcesBuildPhase section */
		BC430E3715C072AB006978B4 /* Resources */ = {
			isa = PBXResourcesBuildPhase;
			buildActionMask = 2147483647;
			files = (
				BC430E4815C072AB006978B4 /* InfoPlist.strings in Resources */,
				BC430E4E15C072AC006978B4 /* Credits.rtf in Resources */,
				BC430E5415C072AC006978B4 /* TKCritterDocumentWindow.xib in Resources */,
				BC430E5715C072AC006978B4 /* MainMenu.xib in Resources */,
			);
			runOnlyForDeploymentPostprocessing = 0;
		};
/* End PBXResourcesBuildPhase section */

/* Begin PBXSourcesBuildPhase section */
		BC430E3515C072AB006978B4 /* Sources */ = {
			isa = PBXSourcesBuildPhase;
			buildActionMask = 2147483647;
			files = (
				BC430E4A15C072AC006978B4 /* main.m in Sources */,
				BC430E5115C072AC006978B4 /* TKCritterDocument.m in Sources */,
				BC430E6015C07304006978B4 /* TKCritter.m in Sources */,
				BC430E6415C083B5006978B4 /* TKWorld.m in Sources */,
				BC430E6715C09A34006978B4 /* TKGridSquare.m in Sources */,
				BC4CE78715C1E5B5006CA29D /* TKCritterWindowController.m in Sources */,
				BC4CE78C15C1F022006CA29D /* TKTopDownWorldView.m in Sources */,
				BC9348A615C32C0C009C9CD6 /* TKGrid.m in Sources */,
			);
			runOnlyForDeploymentPostprocessing = 0;
		};
/* End PBXSourcesBuildPhase section */

/* Begin PBXVariantGroup section */
		BC430E4615C072AB006978B4 /* InfoPlist.strings */ = {
			isa = PBXVariantGroup;
			children = (
				BC430E4715C072AB006978B4 /* en */,
			);
			name = InfoPlist.strings;
			sourceTree = "<group>";
		};
		BC430E4C15C072AC006978B4 /* Credits.rtf */ = {
			isa = PBXVariantGroup;
			children = (
				BC430E4D15C072AC006978B4 /* en */,
			);
			name = Credits.rtf;
			sourceTree = "<group>";
		};
		BC430E5215C072AC006978B4 /* TKCritterDocumentWindow.xib */ = {
			isa = PBXVariantGroup;
			children = (
				BC430E5315C072AC006978B4 /* en */,
			);
			name = TKCritterDocumentWindow.xib;
			sourceTree = "<group>";
		};
		BC430E5515C072AC006978B4 /* MainMenu.xib */ = {
			isa = PBXVariantGroup;
			children = (
				BC430E5615C072AC006978B4 /* en */,
			);
			name = MainMenu.xib;
			sourceTree = "<group>";
		};
/* End PBXVariantGroup section */

/* Begin XCBuildConfiguration section */
		BC430E5815C072AC006978B4 /* Debug */ = {
			isa = XCBuildConfiguration;
			buildSettings = {
				ALWAYS_SEARCH_USER_PATHS = NO;
				ARCHS = "$(ARCHS_STANDARD_64_BIT)";
				CLANG_ENABLE_OBJC_ARC = YES;
				COPY_PHASE_STRIP = NO;
				GCC_C_LANGUAGE_STANDARD = gnu99;
				GCC_DYNAMIC_NO_PIC = NO;
				GCC_ENABLE_OBJC_EXCEPTIONS = YES;
				GCC_OPTIMIZATION_LEVEL = 0;
				GCC_PREPROCESSOR_DEFINITIONS = (
					"DEBUG=1",
					"$(inherited)",
				);
				GCC_SYMBOLS_PRIVATE_EXTERN = NO;
				GCC_VERSION = com.apple.compilers.llvm.clang.1_0;
				GCC_WARN_64_TO_32_BIT_CONVERSION = YES;
				GCC_WARN_ABOUT_RETURN_TYPE = YES;
				GCC_WARN_UNINITIALIZED_AUTOS = YES;
				GCC_WARN_UNUSED_VARIABLE = YES;
				MACOSX_DEPLOYMENT_TARGET = 10.7;
				ONLY_ACTIVE_ARCH = YES;
				SDKROOT = macosx;
			};
			name = Debug;
		};
		BC430E5915C072AC006978B4 /* Release */ = {
			isa = XCBuildConfiguration;
			buildSettings = {
				ALWAYS_SEARCH_USER_PATHS = NO;
				ARCHS = "$(ARCHS_STANDARD_64_BIT)";
				CLANG_ENABLE_OBJC_ARC = YES;
				COPY_PHASE_STRIP = YES;
				DEBUG_INFORMATION_FORMAT = "dwarf-with-dsym";
				GCC_C_LANGUAGE_STANDARD = gnu99;
				GCC_ENABLE_OBJC_EXCEPTIONS = YES;
				GCC_VERSION = com.apple.compilers.llvm.clang.1_0;
				GCC_WARN_64_TO_32_BIT_CONVERSION = YES;
				GCC_WARN_ABOUT_RETURN_TYPE = YES;
				GCC_WARN_UNINITIALIZED_AUTOS = YES;
				GCC_WARN_UNUSED_VARIABLE = YES;
				MACOSX_DEPLOYMENT_TARGET = 10.7;
				SDKROOT = macosx;
			};
			name = Release;
		};
		BC430E5B15C072AC006978B4 /* Debug */ = {
			isa = XCBuildConfiguration;
			buildSettings = {
				COMBINE_HIDPI_IMAGES = YES;
				GCC_PRECOMPILE_PREFIX_HEADER = YES;
				GCC_PREFIX_HEADER = "Critters/Critters-Prefix.pch";
				INFOPLIST_FILE = "Critters/Critters-Info.plist";
				PRODUCT_NAME = "$(TARGET_NAME)";
				WRAPPER_EXTENSION = app;
			};
			name = Debug;
		};
		BC430E5C15C072AC006978B4 /* Release */ = {
			isa = XCBuildConfiguration;
			buildSettings = {
				COMBINE_HIDPI_IMAGES = YES;
				GCC_PRECOMPILE_PREFIX_HEADER = YES;
				GCC_PREFIX_HEADER = "Critters/Critters-Prefix.pch";
				INFOPLIST_FILE = "Critters/Critters-Info.plist";
				PRODUCT_NAME = "$(TARGET_NAME)";
				WRAPPER_EXTENSION = app;
			};
			name = Release;
		};
/* End XCBuildConfiguration section */

/* Begin XCConfigurationList section */
		BC430E3315C072AB006978B4 /* Build configuration list for PBXProject "Critters" */ = {
			isa = XCConfigurationList;
			buildConfigurations = (
				BC430E5815C072AC006978B4 /* Debug */,
				BC430E5915C072AC006978B4 /* Release */,
			);
			defaultConfigurationIsVisible = 0;
			defaultConfigurationName = Release;
		};
		BC430E5A15C072AC006978B4 /* Build configuration list for PBXNativeTarget "Critters" */ = {
			isa = XCConfigurationList;
			buildConfigurations = (
				BC430E5B15C072AC006978B4 /* Debug */,
				BC430E5C15C072AC006978B4 /* Release */,
			);
			defaultConfigurationIsVisible = 0;
			defaultConfigurationName = Release;
		};
/* End XCConfigurationList section */
	};
	rootObject = BC430E3015C072AB006978B4 /* Project object */;
}
